// !$*UTF8*$!
{
	archiveVersion = 1;
	classes = {
	};
	objectVersion = 46;
	objects = {

/* Begin PBXBuildFile section */
		34A22D421D1F6BFD0084E3F2 /* NSMenuItem+APAdditions.m in Sources */ = {isa = PBXBuildFile; fileRef = 34A22D411D1F6BFD0084E3F2 /* NSMenuItem+APAdditions.m */; };
		34A22D481D1F6DE30084E3F2 /* NSMenu+APAdditions.m in Sources */ = {isa = PBXBuildFile; fileRef = 34A22D471D1F6DE30084E3F2 /* NSMenu+APAdditions.m */; };
		34A22D4D1D20DDB60084E3F2 /* AppLoadLevelIndicator.m in Sources */ = {isa = PBXBuildFile; fileRef = 34A22D4C1D20DDB60084E3F2 /* AppLoadLevelIndicator.m */; };
		34A22D4F1D20EA0B0084E3F2 /* status_icon.pdf in Resources */ = {isa = PBXBuildFile; fileRef = 34A22D4E1D20EA0B0084E3F2 /* status_icon.pdf */; };
		A00C3B2E183F8937005E596C /* UserDefaults.plist in Resources */ = {isa = PBXBuildFile; fileRef = A00C3B2D183F8937005E596C /* UserDefaults.plist */; };
		A00D28551803E85F00D71F71 /* AppLimitSliderCell.m in Sources */ = {isa = PBXBuildFile; fileRef = A00D28541803E85F00D71F71 /* AppLimitSliderCell.m */; };
		A00FBF4D17DF54BF0083B482 /* QuartzCore.framework in Frameworks */ = {isa = PBXBuildFile; fileRef = A00FBF4C17DF54BF0083B482 /* QuartzCore.framework */; };
		A0100693182106A10017296D /* app_inspector_c.c in Sources */ = {isa = PBXBuildFile; fileRef = A0100692182106A10017296D /* app_inspector_c.c */; };
		A011916A1807E2EF004777D9 /* StatusbarMenuController.m in Sources */ = {isa = PBXBuildFile; fileRef = A01191691807E2EF004777D9 /* StatusbarMenuController.m */; };
		A01453BE17833F5700FFFB39 /* AppInspectorView.xib in Resources */ = {isa = PBXBuildFile; fileRef = A0154E7F1782E05B008CF159 /* AppInspectorView.xib */; };
		A0154E851782EC6F008CF159 /* AppInspector.m in Sources */ = {isa = PBXBuildFile; fileRef = A0154E841782E972008CF159 /* AppInspector.m */; };
		A04FA3D3174D4BD9002E688C /* selfprofile.c in Sources */ = {isa = PBXBuildFile; fileRef = A04FA3D2174D4BD9002E688C /* selfprofile.c */; };
		A063796817492AEF006F2347 /* Cocoa.framework in Frameworks */ = {isa = PBXBuildFile; fileRef = A063796717492AEF006F2347 /* Cocoa.framework */; };
		A063797217492AEF006F2347 /* InfoPlist.strings in Resources */ = {isa = PBXBuildFile; fileRef = A063797017492AEF006F2347 /* InfoPlist.strings */; };
		A063797417492AEF006F2347 /* main.m in Sources */ = {isa = PBXBuildFile; fileRef = A063797317492AEF006F2347 /* main.m */; };
		A063797817492AEF006F2347 /* Credits.rtf in Resources */ = {isa = PBXBuildFile; fileRef = A063797617492AEF006F2347 /* Credits.rtf */; };
		A063797B17492AEF006F2347 /* AppDelegate.m in Sources */ = {isa = PBXBuildFile; fileRef = A063797A17492AEF006F2347 /* AppDelegate.m */; };
		A063797E17492AF0006F2347 /* MainMenu.xib in Resources */ = {isa = PBXBuildFile; fileRef = A063797C17492AF0006F2347 /* MainMenu.xib */; };
		A063798717492D42006F2347 /* proc_cpulim.c in Sources */ = {isa = PBXBuildFile; fileRef = A063798617492D42006F2347 /* proc_cpulim.c */; };
		A067A0B718369681003B677E /* Localizable.strings in Resources */ = {isa = PBXBuildFile; fileRef = A067A0B918369681003B677E /* Localizable.strings */; };
		A067A0C618369782003B677E /* Media.xcassets in Resources */ = {isa = PBXBuildFile; fileRef = A067A0C518369782003B677E /* Media.xcassets */; };
		A071B69517D8812500D3866E /* XCTest.framework in Frameworks */ = {isa = PBXBuildFile; fileRef = A071B69417D8812500D3866E /* XCTest.framework */; };
		A071B69B17D8812500D3866E /* InfoPlist.strings in Resources */ = {isa = PBXBuildFile; fileRef = A071B69917D8812500D3866E /* InfoPlist.strings */; };
		A071B69D17D8812500D3866E /* AppPolice_Tests.m in Sources */ = {isa = PBXBuildFile; fileRef = A071B69C17D8812500D3866E /* AppPolice_Tests.m */; };
		A07E4B90183CBD1900D773E5 /* APPreferencesController.m in Sources */ = {isa = PBXBuildFile; fileRef = A07E4B8E183CBD1900D773E5 /* APPreferencesController.m */; };
		A0ADD314174A1438002BAADE /* subroutines.c in Sources */ = {isa = PBXBuildFile; fileRef = A0ADD313174A1438002BAADE /* subroutines.c */; };
		A0BD1BEA183E10680054FC06 /* APPreferencesWindow.xib in Resources */ = {isa = PBXBuildFile; fileRef = A0BD1BEC183E10680054FC06 /* APPreferencesWindow.xib */; };
		A0FFE0A91805D673007F510E /* AppLimitHintView.m in Sources */ = {isa = PBXBuildFile; fileRef = A0FFE0A81805D673007F510E /* AppLimitHintView.m */; };
/* End PBXBuildFile section */

/* Begin PBXContainerItemProxy section */
		A071B69F17D8812500D3866E /* PBXContainerItemProxy */ = {
			isa = PBXContainerItemProxy;
			containerPortal = A063795C17492AEF006F2347 /* Project object */;
			proxyType = 1;
			remoteGlobalIDString = A063796317492AEF006F2347;
			remoteInfo = Ishimura;
		};
/* End PBXContainerItemProxy section */

/* Begin PBXCopyFilesBuildPhase section */
		A0448B60183BEB670056818A /* Copy Files */ = {
			isa = PBXCopyFilesBuildPhase;
			buildActionMask = 12;
			dstPath = "";
			dstSubfolderSpec = 10;
			files = (
			);
			name = "Copy Files";
			runOnlyForDeploymentPostprocessing = 0;
		};
/* End PBXCopyFilesBuildPhase section */

/* Begin PBXFileReference section */
		34A22D401D1F6BFD0084E3F2 /* NSMenuItem+APAdditions.h */ = {isa = PBXFileReference; fileEncoding = 4; lastKnownFileType = sourcecode.c.h; name = "NSMenuItem+APAdditions.h"; path = "Other/NSMenuItem+APAdditions.h"; sourceTree = "<group>"; };
		34A22D411D1F6BFD0084E3F2 /* NSMenuItem+APAdditions.m */ = {isa = PBXFileReference; fileEncoding = 4; lastKnownFileType = sourcecode.c.objc; name = "NSMenuItem+APAdditions.m"; path = "Other/NSMenuItem+APAdditions.m"; sourceTree = "<group>"; };
		34A22D461D1F6DE30084E3F2 /* NSMenu+APAdditions.h */ = {isa = PBXFileReference; fileEncoding = 4; lastKnownFileType = sourcecode.c.h; name = "NSMenu+APAdditions.h"; path = "Other/NSMenu+APAdditions.h"; sourceTree = "<group>"; };
		34A22D471D1F6DE30084E3F2 /* NSMenu+APAdditions.m */ = {isa = PBXFileReference; fileEncoding = 4; lastKnownFileType = sourcecode.c.objc; name = "NSMenu+APAdditions.m"; path = "Other/NSMenu+APAdditions.m"; sourceTree = "<group>"; };
		34A22D4B1D20DDB60084E3F2 /* AppLoadLevelIndicator.h */ = {isa = PBXFileReference; fileEncoding = 4; lastKnownFileType = sourcecode.c.h; name = AppLoadLevelIndicator.h; path = AppInspector/AppLoadLevelIndicator.h; sourceTree = "<group>"; };
		34A22D4C1D20DDB60084E3F2 /* AppLoadLevelIndicator.m */ = {isa = PBXFileReference; fileEncoding = 4; lastKnownFileType = sourcecode.c.objc; name = AppLoadLevelIndicator.m; path = AppInspector/AppLoadLevelIndicator.m; sourceTree = "<group>"; };
		34A22D4E1D20EA0B0084E3F2 /* status_icon.pdf */ = {isa = PBXFileReference; lastKnownFileType = image.pdf; path = status_icon.pdf; sourceTree = "<group>"; };
		A00C3B2D183F8937005E596C /* UserDefaults.plist */ = {isa = PBXFileReference; fileEncoding = 4; lastKnownFileType = text.plist.xml; path = UserDefaults.plist; sourceTree = "<group>"; };
		A00D28531803E85F00D71F71 /* AppLimitSliderCell.h */ = {isa = PBXFileReference; fileEncoding = 4; lastKnownFileType = sourcecode.c.h; name = AppLimitSliderCell.h; path = AppInspector/AppLimitSliderCell.h; sourceTree = "<group>"; };
		A00D28541803E85F00D71F71 /* AppLimitSliderCell.m */ = {isa = PBXFileReference; fileEncoding = 4; lastKnownFileType = sourcecode.c.objc; name = AppLimitSliderCell.m; path = AppInspector/AppLimitSliderCell.m; sourceTree = "<group>"; };
		A00FBF4C17DF54BF0083B482 /* QuartzCore.framework */ = {isa = PBXFileReference; lastKnownFileType = wrapper.framework; name = QuartzCore.framework; path = System/Library/Frameworks/QuartzCore.framework; sourceTree = SDKROOT; };
		A0100691182106900017296D /* app_inspector_c.h */ = {isa = PBXFileReference; lastKnownFileType = sourcecode.c.h; name = app_inspector_c.h; path = C/app_inspector_c.h; sourceTree = "<group>"; };
		A0100692182106A10017296D /* app_inspector_c.c */ = {isa = PBXFileReference; fileEncoding = 4; lastKnownFileType = sourcecode.c.c; name = app_inspector_c.c; path = C/app_inspector_c.c; sourceTree = "<group>"; };
		A01191681807E2EF004777D9 /* StatusbarMenuController.h */ = {isa = PBXFileReference; fileEncoding = 4; lastKnownFileType = sourcecode.c.h; name = StatusbarMenuController.h; path = Statusbar/StatusbarMenuController.h; sourceTree = "<group>"; };
		A01191691807E2EF004777D9 /* StatusbarMenuController.m */ = {isa = PBXFileReference; fileEncoding = 4; lastKnownFileType = sourcecode.c.objc; name = StatusbarMenuController.m; path = Statusbar/StatusbarMenuController.m; sourceTree = "<group>"; };
		A0154E801782E05B008CF159 /* en */ = {isa = PBXFileReference; lastKnownFileType = file.xib; name = en; path = en.lproj/AppInspectorView.xib; sourceTree = "<group>"; };
		A0154E831782E972008CF159 /* AppInspector.h */ = {isa = PBXFileReference; lastKnownFileType = sourcecode.c.h; name = AppInspector.h; path = AppInspector/AppInspector.h; sourceTree = "<group>"; };
		A0154E841782E972008CF159 /* AppInspector.m */ = {isa = PBXFileReference; lastKnownFileType = sourcecode.c.objc; name = AppInspector.m; path = AppInspector/AppInspector.m; sourceTree = "<group>"; };
		A0448A5D183B7BD60056818A /* AppPolice.entitlements */ = {isa = PBXFileReference; lastKnownFileType = text.xml; path = AppPolice.entitlements; sourceTree = "<group>"; };
		A04FA3D2174D4BD9002E688C /* selfprofile.c */ = {isa = PBXFileReference; fileEncoding = 4; lastKnownFileType = sourcecode.c.c; name = selfprofile.c; path = C/selfprofile.c; sourceTree = "<group>"; };
		A04FA3D4174D4BF5002E688C /* selfprofile.h */ = {isa = PBXFileReference; fileEncoding = 4; lastKnownFileType = sourcecode.c.h; name = selfprofile.h; path = C/selfprofile.h; sourceTree = "<group>"; };
		A063796417492AEF006F2347 /* AppPolice.app */ = {isa = PBXFileReference; explicitFileType = wrapper.application; includeInIndex = 0; path = AppPolice.app; sourceTree = BUILT_PRODUCTS_DIR; };
		A063796717492AEF006F2347 /* Cocoa.framework */ = {isa = PBXFileReference; lastKnownFileType = wrapper.framework; name = Cocoa.framework; path = System/Library/Frameworks/Cocoa.framework; sourceTree = SDKROOT; };
		A063796A17492AEF006F2347 /* AppKit.framework */ = {isa = PBXFileReference; lastKnownFileType = wrapper.framework; name = AppKit.framework; path = System/Library/Frameworks/AppKit.framework; sourceTree = SDKROOT; };
		A063796B17492AEF006F2347 /* CoreData.framework */ = {isa = PBXFileReference; lastKnownFileType = wrapper.framework; name = CoreData.framework; path = System/Library/Frameworks/CoreData.framework; sourceTree = SDKROOT; };
		A063796C17492AEF006F2347 /* Foundation.framework */ = {isa = PBXFileReference; lastKnownFileType = wrapper.framework; name = Foundation.framework; path = System/Library/Frameworks/Foundation.framework; sourceTree = SDKROOT; };
		A063796F17492AEF006F2347 /* AppPolice-Info.plist */ = {isa = PBXFileReference; lastKnownFileType = text.plist.xml; path = "AppPolice-Info.plist"; sourceTree = "<group>"; };
		A063797117492AEF006F2347 /* en */ = {isa = PBXFileReference; lastKnownFileType = text.plist.strings; name = en; path = en.lproj/InfoPlist.strings; sourceTree = "<group>"; };
		A063797317492AEF006F2347 /* main.m */ = {isa = PBXFileReference; lastKnownFileType = sourcecode.c.objc; path = main.m; sourceTree = "<group>"; };
		A063797517492AEF006F2347 /* AppPolice-Prefix.pch */ = {isa = PBXFileReference; lastKnownFileType = sourcecode.c.h; path = "AppPolice-Prefix.pch"; sourceTree = "<group>"; };
		A063797717492AEF006F2347 /* en */ = {isa = PBXFileReference; lastKnownFileType = text.rtf; name = en; path = en.lproj/Credits.rtf; sourceTree = "<group>"; };
		A063797917492AEF006F2347 /* AppDelegate.h */ = {isa = PBXFileReference; lastKnownFileType = sourcecode.c.h; path = AppDelegate.h; sourceTree = "<group>"; };
		A063797A17492AEF006F2347 /* AppDelegate.m */ = {isa = PBXFileReference; lastKnownFileType = sourcecode.c.objc; path = AppDelegate.m; sourceTree = "<group>"; };
		A063797D17492AF0006F2347 /* en */ = {isa = PBXFileReference; lastKnownFileType = file.xib; name = en; path = en.lproj/MainMenu.xib; sourceTree = "<group>"; };
		A063798517492D19006F2347 /* proc_cpulim.h */ = {isa = PBXFileReference; lastKnownFileType = sourcecode.c.h; name = proc_cpulim.h; path = C/proc_cpulim.h; sourceTree = "<group>"; };
		A063798617492D42006F2347 /* proc_cpulim.c */ = {isa = PBXFileReference; fileEncoding = 4; lastKnownFileType = sourcecode.c.c; name = proc_cpulim.c; path = C/proc_cpulim.c; sourceTree = "<group>"; };
		A067A0B818369681003B677E /* en */ = {isa = PBXFileReference; fileEncoding = 10; lastKnownFileType = text.plist.strings; name = en; path = en.lproj/Localizable.strings; sourceTree = "<group>"; };
		A067A0C518369782003B677E /* Media.xcassets */ = {isa = PBXFileReference; lastKnownFileType = folder.assetcatalog; path = Media.xcassets; sourceTree = "<group>"; };
		A071B69317D8812500D3866E /* AppPolice Tests.xctest */ = {isa = PBXFileReference; explicitFileType = wrapper.cfbundle; includeInIndex = 0; path = "AppPolice Tests.xctest"; sourceTree = BUILT_PRODUCTS_DIR; };
		A071B69417D8812500D3866E /* XCTest.framework */ = {isa = PBXFileReference; lastKnownFileType = wrapper.framework; name = XCTest.framework; path = Library/Frameworks/XCTest.framework; sourceTree = DEVELOPER_DIR; };
		A071B69817D8812500D3866E /* AppPolice Tests-Info.plist */ = {isa = PBXFileReference; lastKnownFileType = text.plist.xml; path = "AppPolice Tests-Info.plist"; sourceTree = "<group>"; };
		A071B69A17D8812500D3866E /* en */ = {isa = PBXFileReference; lastKnownFileType = text.plist.strings; name = en; path = en.lproj/InfoPlist.strings; sourceTree = "<group>"; };
		A071B69C17D8812500D3866E /* AppPolice_Tests.m */ = {isa = PBXFileReference; lastKnownFileType = sourcecode.c.objc; path = AppPolice_Tests.m; sourceTree = "<group>"; };
		A071B69E17D8812500D3866E /* AppPolice Tests-Prefix.pch */ = {isa = PBXFileReference; lastKnownFileType = sourcecode.c.h; path = "AppPolice Tests-Prefix.pch"; sourceTree = "<group>"; };
		A07E4B8D183CBD1900D773E5 /* APPreferencesController.h */ = {isa = PBXFileReference; fileEncoding = 4; lastKnownFileType = sourcecode.c.h; name = APPreferencesController.h; path = Other/APPreferencesController.h; sourceTree = "<group>"; };
		A07E4B8E183CBD1900D773E5 /* APPreferencesController.m */ = {isa = PBXFileReference; fileEncoding = 4; lastKnownFileType = sourcecode.c.objc; name = APPreferencesController.m; path = Other/APPreferencesController.m; sourceTree = "<group>"; };
		A0ADD312174A142A002BAADE /* subroutines.h */ = {isa = PBXFileReference; lastKnownFileType = sourcecode.c.h; name = subroutines.h; path = C/subroutines.h; sourceTree = "<group>"; };
		A0ADD313174A1438002BAADE /* subroutines.c */ = {isa = PBXFileReference; fileEncoding = 4; lastKnownFileType = sourcecode.c.c; name = subroutines.c; path = C/subroutines.c; sourceTree = "<group>"; };
		A0BD1BEB183E10680054FC06 /* en */ = {isa = PBXFileReference; lastKnownFileType = file.xib; name = en; path = en.lproj/APPreferencesWindow.xib; sourceTree = "<group>"; };
		A0FFE0A71805D673007F510E /* AppLimitHintView.h */ = {isa = PBXFileReference; fileEncoding = 4; lastKnownFileType = sourcecode.c.h; name = AppLimitHintView.h; path = AppInspector/AppLimitHintView.h; sourceTree = "<group>"; };
		A0FFE0A81805D673007F510E /* AppLimitHintView.m */ = {isa = PBXFileReference; fileEncoding = 4; lastKnownFileType = sourcecode.c.objc; name = AppLimitHintView.m; path = AppInspector/AppLimitHintView.m; sourceTree = "<group>"; };
/* End PBXFileReference section */

/* Begin PBXFrameworksBuildPhase section */
		A063796117492AEF006F2347 /* Frameworks */ = {
			isa = PBXFrameworksBuildPhase;
			buildActionMask = 2147483647;
			files = (
				A00FBF4D17DF54BF0083B482 /* QuartzCore.framework in Frameworks */,
				A063796817492AEF006F2347 /* Cocoa.framework in Frameworks */,
			);
			runOnlyForDeploymentPostprocessing = 0;
		};
		A071B69017D8812500D3866E /* Frameworks */ = {
			isa = PBXFrameworksBuildPhase;
			buildActionMask = 2147483647;
			files = (
				A071B69517D8812500D3866E /* XCTest.framework in Frameworks */,
			);
			runOnlyForDeploymentPostprocessing = 0;
		};
/* End PBXFrameworksBuildPhase section */

/* Begin PBXGroup section */
		A01191611807DE2C004777D9 /* Statusbar */ = {
			isa = PBXGroup;
			children = (
				A01191681807E2EF004777D9 /* StatusbarMenuController.h */,
				A01191691807E2EF004777D9 /* StatusbarMenuController.m */,
			);
			name = Statusbar;
			sourceTree = "<group>";
		};
		A0154E7C1782DEDA008CF159 /* AppInspector */ = {
			isa = PBXGroup;
			children = (
				A0154E831782E972008CF159 /* AppInspector.h */,
				A0154E841782E972008CF159 /* AppInspector.m */,
				A00D28531803E85F00D71F71 /* AppLimitSliderCell.h */,
				A00D28541803E85F00D71F71 /* AppLimitSliderCell.m */,
				A0FFE0A71805D673007F510E /* AppLimitHintView.h */,
				A0FFE0A81805D673007F510E /* AppLimitHintView.m */,
				34A22D4B1D20DDB60084E3F2 /* AppLoadLevelIndicator.h */,
				34A22D4C1D20DDB60084E3F2 /* AppLoadLevelIndicator.m */,
				A0154E7D1782DF16008CF159 /* Resources */,
			);
			name = AppInspector;
			sourceTree = "<group>";
		};
		A0154E7D1782DF16008CF159 /* Resources */ = {
			isa = PBXGroup;
			children = (
				A0154E7F1782E05B008CF159 /* AppInspectorView.xib */,
			);
			name = Resources;
			sourceTree = "<group>";
		};
		A063795B17492AEF006F2347 = {
			isa = PBXGroup;
			children = (
				A063796D17492AEF006F2347 /* AppPolice */,
				A071B69617D8812500D3866E /* AppPolice Tests */,
				A063796617492AEF006F2347 /* Frameworks */,
				A063796517492AEF006F2347 /* Products */,
			);
			sourceTree = "<group>";
		};
		A063796517492AEF006F2347 /* Products */ = {
			isa = PBXGroup;
			children = (
				A063796417492AEF006F2347 /* AppPolice.app */,
				A071B69317D8812500D3866E /* AppPolice Tests.xctest */,
			);
			name = Products;
			sourceTree = "<group>";
		};
		A063796617492AEF006F2347 /* Frameworks */ = {
			isa = PBXGroup;
			children = (
				A00FBF4C17DF54BF0083B482 /* QuartzCore.framework */,
				A063796717492AEF006F2347 /* Cocoa.framework */,
				A071B69417D8812500D3866E /* XCTest.framework */,
				A063796917492AEF006F2347 /* Other Frameworks */,
			);
			name = Frameworks;
			sourceTree = "<group>";
		};
		A063796917492AEF006F2347 /* Other Frameworks */ = {
			isa = PBXGroup;
			children = (
				A063796A17492AEF006F2347 /* AppKit.framework */,
				A063796B17492AEF006F2347 /* CoreData.framework */,
				A063796C17492AEF006F2347 /* Foundation.framework */,
			);
			name = "Other Frameworks";
			sourceTree = "<group>";
		};
		A063796D17492AEF006F2347 /* AppPolice */ = {
			isa = PBXGroup;
			children = (
				A063797917492AEF006F2347 /* AppDelegate.h */,
				A063797A17492AEF006F2347 /* AppDelegate.m */,
				A063797317492AEF006F2347 /* main.m */,
				A01191611807DE2C004777D9 /* Statusbar */,
				A0154E7C1782DEDA008CF159 /* AppInspector */,
				A07E4B6F183CB3F600D773E5 /* Other */,
				A063798417492CCB006F2347 /* C */,
				A063796E17492AEF006F2347 /* Supporting Files */,
			);
			path = AppPolice;
			sourceTree = "<group>";
		};
		A063796E17492AEF006F2347 /* Supporting Files */ = {
			isa = PBXGroup;
			children = (
				34A22D4E1D20EA0B0084E3F2 /* status_icon.pdf */,
				A0448A5D183B7BD60056818A /* AppPolice.entitlements */,
				A063797C17492AF0006F2347 /* MainMenu.xib */,
				A0BD1BEC183E10680054FC06 /* APPreferencesWindow.xib */,
				A063796F17492AEF006F2347 /* AppPolice-Info.plist */,
				A063797017492AEF006F2347 /* InfoPlist.strings */,
				A067A0B918369681003B677E /* Localizable.strings */,
				A00C3B2D183F8937005E596C /* UserDefaults.plist */,
				A063797517492AEF006F2347 /* AppPolice-Prefix.pch */,
				A063797617492AEF006F2347 /* Credits.rtf */,
				A067A0C518369782003B677E /* Media.xcassets */,
			);
			name = "Supporting Files";
			sourceTree = "<group>";
		};
		A063798417492CCB006F2347 /* C */ = {
			isa = PBXGroup;
			children = (
				A063798517492D19006F2347 /* proc_cpulim.h */,
				A063798617492D42006F2347 /* proc_cpulim.c */,
				A0ADD312174A142A002BAADE /* subroutines.h */,
				A0ADD313174A1438002BAADE /* subroutines.c */,
				A04FA3D4174D4BF5002E688C /* selfprofile.h */,
				A04FA3D2174D4BD9002E688C /* selfprofile.c */,
				A0100691182106900017296D /* app_inspector_c.h */,
				A0100692182106A10017296D /* app_inspector_c.c */,
			);
			name = C;
			sourceTree = "<group>";
		};
		A071B69617D8812500D3866E /* AppPolice Tests */ = {
			isa = PBXGroup;
			children = (
				A071B69C17D8812500D3866E /* AppPolice_Tests.m */,
				A071B69717D8812500D3866E /* Supporting Files */,
			);
			path = "AppPolice Tests";
			sourceTree = "<group>";
		};
		A071B69717D8812500D3866E /* Supporting Files */ = {
			isa = PBXGroup;
			children = (
				A071B69817D8812500D3866E /* AppPolice Tests-Info.plist */,
				A071B69917D8812500D3866E /* InfoPlist.strings */,
				A071B69E17D8812500D3866E /* AppPolice Tests-Prefix.pch */,
			);
			name = "Supporting Files";
			sourceTree = "<group>";
		};
		A07E4B6F183CB3F600D773E5 /* Other */ = {
			isa = PBXGroup;
			children = (
				A07E4B8D183CBD1900D773E5 /* APPreferencesController.h */,
				A07E4B8E183CBD1900D773E5 /* APPreferencesController.m */,
				34A22D461D1F6DE30084E3F2 /* NSMenu+APAdditions.h */,
				34A22D471D1F6DE30084E3F2 /* NSMenu+APAdditions.m */,
				34A22D401D1F6BFD0084E3F2 /* NSMenuItem+APAdditions.h */,
				34A22D411D1F6BFD0084E3F2 /* NSMenuItem+APAdditions.m */,
			);
			name = Other;
			sourceTree = "<group>";
		};
/* End PBXGroup section */

/* Begin PBXNativeTarget section */
		A063796317492AEF006F2347 /* AppPolice */ = {
			isa = PBXNativeTarget;
			buildConfigurationList = A063798117492AF0006F2347 /* Build configuration list for PBXNativeTarget "AppPolice" */;
			buildPhases = (
				A063796017492AEF006F2347 /* Sources */,
				A063796117492AEF006F2347 /* Frameworks */,
				A063796217492AEF006F2347 /* Resources */,
				A0448B60183BEB670056818A /* Copy Files */,
			);
			buildRules = (
			);
			dependencies = (
			);
			name = AppPolice;
			productName = cpulim;
			productReference = A063796417492AEF006F2347 /* AppPolice.app */;
			productType = "com.apple.product-type.application";
		};
		A071B69217D8812500D3866E /* AppPolice Tests */ = {
			isa = PBXNativeTarget;
			buildConfigurationList = A071B6A117D8812500D3866E /* Build configuration list for PBXNativeTarget "AppPolice Tests" */;
			buildPhases = (
				A071B68F17D8812500D3866E /* Sources */,
				A071B69017D8812500D3866E /* Frameworks */,
				A071B69117D8812500D3866E /* Resources */,
			);
			buildRules = (
			);
			dependencies = (
				A071B6A017D8812500D3866E /* PBXTargetDependency */,
			);
			name = "AppPolice Tests";
			productName = "Ishimura Tests";
			productReference = A071B69317D8812500D3866E /* AppPolice Tests.xctest */;
			productType = "com.apple.product-type.bundle.unit-test";
		};
/* End PBXNativeTarget section */

/* Begin PBXProject section */
		A063795C17492AEF006F2347 /* Project object */ = {
			isa = PBXProject;
			attributes = {
				LastUpgradeCheck = 0500;
				ORGANIZATIONNAME = "Maksym Stefanchuk";
				TargetAttributes = {
					A063796317492AEF006F2347 = {
						SystemCapabilities = {
							com.apple.Sandbox = {
								enabled = 0;
							};
						};
					};
					A071B69217D8812500D3866E = {
						TestTargetID = A063796317492AEF006F2347;
					};
				};
			};
			buildConfigurationList = A063795F17492AEF006F2347 /* Build configuration list for PBXProject "AppPolice" */;
			compatibilityVersion = "Xcode 3.2";
			developmentRegion = English;
			hasScannedForEncodings = 0;
			knownRegions = (
				en,
			);
			mainGroup = A063795B17492AEF006F2347;
			productRefGroup = A063796517492AEF006F2347 /* Products */;
			projectDirPath = "";
			projectRoot = "";
			targets = (
				A063796317492AEF006F2347 /* AppPolice */,
				A071B69217D8812500D3866E /* AppPolice Tests */,
			);
		};
/* End PBXProject section */

/* Begin PBXResourcesBuildPhase section */
		A063796217492AEF006F2347 /* Resources */ = {
			isa = PBXResourcesBuildPhase;
			buildActionMask = 2147483647;
			files = (
				A01453BE17833F5700FFFB39 /* AppInspectorView.xib in Resources */,
				A00C3B2E183F8937005E596C /* UserDefaults.plist in Resources */,
				A063797217492AEF006F2347 /* InfoPlist.strings in Resources */,
				A063797817492AEF006F2347 /* Credits.rtf in Resources */,
				A0BD1BEA183E10680054FC06 /* APPreferencesWindow.xib in Resources */,
				34A22D4F1D20EA0B0084E3F2 /* status_icon.pdf in Resources */,
				A063797E17492AF0006F2347 /* MainMenu.xib in Resources */,
				A067A0C618369782003B677E /* Media.xcassets in Resources */,
				A067A0B718369681003B677E /* Localizable.strings in Resources */,
			);
			runOnlyForDeploymentPostprocessing = 0;
		};
		A071B69117D8812500D3866E /* Resources */ = {
			isa = PBXResourcesBuildPhase;
			buildActionMask = 2147483647;
			files = (
				A071B69B17D8812500D3866E /* InfoPlist.strings in Resources */,
			);
			runOnlyForDeploymentPostprocessing = 0;
		};
/* End PBXResourcesBuildPhase section */

/* Begin PBXSourcesBuildPhase section */
		A063796017492AEF006F2347 /* Sources */ = {
			isa = PBXSourcesBuildPhase;
			buildActionMask = 2147483647;
			files = (
				A00D28551803E85F00D71F71 /* AppLimitSliderCell.m in Sources */,
				A0FFE0A91805D673007F510E /* AppLimitHintView.m in Sources */,
				34A22D421D1F6BFD0084E3F2 /* NSMenuItem+APAdditions.m in Sources */,
				A0100693182106A10017296D /* app_inspector_c.c in Sources */,
				A011916A1807E2EF004777D9 /* StatusbarMenuController.m in Sources */,
				A063797417492AEF006F2347 /* main.m in Sources */,
				34A22D481D1F6DE30084E3F2 /* NSMenu+APAdditions.m in Sources */,
				34A22D4D1D20DDB60084E3F2 /* AppLoadLevelIndicator.m in Sources */,
				A063797B17492AEF006F2347 /* AppDelegate.m in Sources */,
				A063798717492D42006F2347 /* proc_cpulim.c in Sources */,
				A0ADD314174A1438002BAADE /* subroutines.c in Sources */,
				A04FA3D3174D4BD9002E688C /* selfprofile.c in Sources */,
				A0154E851782EC6F008CF159 /* AppInspector.m in Sources */,
				A07E4B90183CBD1900D773E5 /* APPreferencesController.m in Sources */,
			);
			runOnlyForDeploymentPostprocessing = 0;
		};
		A071B68F17D8812500D3866E /* Sources */ = {
			isa = PBXSourcesBuildPhase;
			buildActionMask = 2147483647;
			files = (
				A071B69D17D8812500D3866E /* AppPolice_Tests.m in Sources */,
			);
			runOnlyForDeploymentPostprocessing = 0;
		};
/* End PBXSourcesBuildPhase section */

/* Begin PBXTargetDependency section */
		A071B6A017D8812500D3866E /* PBXTargetDependency */ = {
			isa = PBXTargetDependency;
			target = A063796317492AEF006F2347 /* AppPolice */;
			targetProxy = A071B69F17D8812500D3866E /* PBXContainerItemProxy */;
		};
/* End PBXTargetDependency section */

/* Begin PBXVariantGroup section */
		A0154E7F1782E05B008CF159 /* AppInspectorView.xib */ = {
			isa = PBXVariantGroup;
			children = (
				A0154E801782E05B008CF159 /* en */,
			);
			name = AppInspectorView.xib;
			sourceTree = "<group>";
		};
		A063797017492AEF006F2347 /* InfoPlist.strings */ = {
			isa = PBXVariantGroup;
			children = (
				A063797117492AEF006F2347 /* en */,
			);
			name = InfoPlist.strings;
			sourceTree = "<group>";
		};
		A063797617492AEF006F2347 /* Credits.rtf */ = {
			isa = PBXVariantGroup;
			children = (
				A063797717492AEF006F2347 /* en */,
			);
			name = Credits.rtf;
			sourceTree = "<group>";
		};
		A063797C17492AF0006F2347 /* MainMenu.xib */ = {
			isa = PBXVariantGroup;
			children = (
				A063797D17492AF0006F2347 /* en */,
			);
			name = MainMenu.xib;
			sourceTree = "<group>";
		};
		A067A0B918369681003B677E /* Localizable.strings */ = {
			isa = PBXVariantGroup;
			children = (
				A067A0B818369681003B677E /* en */,
			);
			name = Localizable.strings;
			sourceTree = "<group>";
		};
		A071B69917D8812500D3866E /* InfoPlist.strings */ = {
			isa = PBXVariantGroup;
			children = (
				A071B69A17D8812500D3866E /* en */,
			);
			name = InfoPlist.strings;
			sourceTree = "<group>";
		};
		A0BD1BEC183E10680054FC06 /* APPreferencesWindow.xib */ = {
			isa = PBXVariantGroup;
			children = (
				A0BD1BEB183E10680054FC06 /* en */,
			);
			name = APPreferencesWindow.xib;
			sourceTree = "<group>";
		};
/* End PBXVariantGroup section */

/* Begin XCBuildConfiguration section */
		A063797F17492AF0006F2347 /* Debug */ = {
			isa = XCBuildConfiguration;
			buildSettings = {
				ALWAYS_SEARCH_USER_PATHS = NO;
				CLANG_CXX_LANGUAGE_STANDARD = "gnu++0x";
				CLANG_CXX_LIBRARY = "libc++";
				CLANG_WARN_CONSTANT_CONVERSION = YES;
				CLANG_WARN_EMPTY_BODY = YES;
				CLANG_WARN_ENUM_CONVERSION = YES;
				CLANG_WARN_INT_CONVERSION = YES;
				CLANG_WARN__DUPLICATE_METHOD_MATCH = YES;
				COPY_PHASE_STRIP = NO;
				GCC_C_LANGUAGE_STANDARD = gnu99;
				GCC_DYNAMIC_NO_PIC = NO;
				GCC_ENABLE_OBJC_EXCEPTIONS = YES;
				GCC_OPTIMIZATION_LEVEL = 0;
				GCC_PREPROCESSOR_DEFINITIONS = (
					"DEBUG=1",
					"$(inherited)",
				);
				GCC_SYMBOLS_PRIVATE_EXTERN = NO;
				GCC_WARN_64_TO_32_BIT_CONVERSION = YES;
				GCC_WARN_ABOUT_RETURN_TYPE = YES;
				GCC_WARN_SIGN_COMPARE = YES;
				GCC_WARN_UNINITIALIZED_AUTOS = YES;
				GCC_WARN_UNUSED_VARIABLE = YES;
				MACOSX_DEPLOYMENT_TARGET = 10.7;
				ONLY_ACTIVE_ARCH = YES;
				SDKROOT = macosx;
			};
			name = Debug;
		};
		A063798017492AF0006F2347 /* Release */ = {
			isa = XCBuildConfiguration;
			buildSettings = {
				ALWAYS_SEARCH_USER_PATHS = NO;
				CLANG_CXX_LANGUAGE_STANDARD = "gnu++0x";
				CLANG_CXX_LIBRARY = "libc++";
				CLANG_WARN_CONSTANT_CONVERSION = YES;
				CLANG_WARN_EMPTY_BODY = YES;
				CLANG_WARN_ENUM_CONVERSION = YES;
				CLANG_WARN_INT_CONVERSION = YES;
				CLANG_WARN__DUPLICATE_METHOD_MATCH = YES;
				COPY_PHASE_STRIP = YES;
				DEBUG_INFORMATION_FORMAT = "dwarf-with-dsym";
				GCC_C_LANGUAGE_STANDARD = gnu99;
				GCC_ENABLE_OBJC_EXCEPTIONS = YES;
				GCC_WARN_64_TO_32_BIT_CONVERSION = YES;
				GCC_WARN_ABOUT_RETURN_TYPE = YES;
				GCC_WARN_SIGN_COMPARE = YES;
				GCC_WARN_UNINITIALIZED_AUTOS = YES;
				GCC_WARN_UNUSED_VARIABLE = YES;
				MACOSX_DEPLOYMENT_TARGET = 10.7;
				SDKROOT = macosx;
			};
			name = Release;
		};
		A063798217492AF0006F2347 /* Debug */ = {
			isa = XCBuildConfiguration;
			buildSettings = {
				ASSETCATALOG_COMPILER_APPICON_NAME = AppPolice;
				CLANG_WARN_DEPRECATED_OBJC_IMPLEMENTATIONS = YES;
				CLANG_WARN_IMPLICIT_SIGN_CONVERSION = YES;
				CLANG_WARN_SUSPICIOUS_IMPLICIT_CONVERSION = YES;
				COMBINE_HIDPI_IMAGES = YES;
				FRAMEWORK_SEARCH_PATHS = "$(BUILT_PRODUCTS_DIR)";
				GCC_PRECOMPILE_PREFIX_HEADER = YES;
				GCC_PREFIX_HEADER = "AppPolice/AppPolice-Prefix.pch";
				GCC_WARN_ABOUT_MISSING_NEWLINE = YES;
				GCC_WARN_ABOUT_MISSING_PROTOTYPES = YES;
				GCC_WARN_MULTIPLE_DEFINITION_TYPES_FOR_SELECTOR = NO;
				GCC_WARN_SIGN_COMPARE = YES;
				GCC_WARN_STRICT_SELECTOR_MATCH = YES;
				GCC_WARN_UNDECLARED_SELECTOR = YES;
				GCC_WARN_UNUSED_FUNCTION = YES;
				GCC_WARN_UNUSED_LABEL = YES;
				HEADER_SEARCH_PATHS = (
					"$(inherited)",
					/Applications/Xcode.app/Contents/Developer/Toolchains/XcodeDefault.xctoolchain/usr/include,
				);
				INFOPLIST_FILE = "AppPolice/AppPolice-Info.plist";
				MACOSX_DEPLOYMENT_TARGET = 10.6;
				PRODUCT_NAME = AppPolice;
				SDKROOT = macosx;
				WRAPPER_EXTENSION = app;
			};
			name = Debug;
		};
		A063798317492AF0006F2347 /* Release */ = {
			isa = XCBuildConfiguration;
			buildSettings = {
				ASSETCATALOG_COMPILER_APPICON_NAME = AppPolice;
				CLANG_WARN_DEPRECATED_OBJC_IMPLEMENTATIONS = YES;
				CLANG_WARN_IMPLICIT_SIGN_CONVERSION = YES;
				CLANG_WARN_SUSPICIOUS_IMPLICIT_CONVERSION = YES;
				COMBINE_HIDPI_IMAGES = YES;
				COPY_PHASE_STRIP = NO;
				FRAMEWORK_SEARCH_PATHS = "$(BUILT_PRODUCTS_DIR)";
				GCC_PRECOMPILE_PREFIX_HEADER = YES;
				GCC_PREFIX_HEADER = "AppPolice/AppPolice-Prefix.pch";
				GCC_WARN_ABOUT_MISSING_NEWLINE = YES;
				GCC_WARN_ABOUT_MISSING_PROTOTYPES = YES;
				GCC_WARN_MULTIPLE_DEFINITION_TYPES_FOR_SELECTOR = NO;
				GCC_WARN_SIGN_COMPARE = YES;
				GCC_WARN_STRICT_SELECTOR_MATCH = YES;
				GCC_WARN_UNDECLARED_SELECTOR = YES;
				GCC_WARN_UNUSED_FUNCTION = YES;
				GCC_WARN_UNUSED_LABEL = YES;
				HEADER_SEARCH_PATHS = (
					"$(inherited)",
					/Applications/Xcode.app/Contents/Developer/Toolchains/XcodeDefault.xctoolchain/usr/include,
				);
				INFOPLIST_FILE = "AppPolice/AppPolice-Info.plist";
				MACOSX_DEPLOYMENT_TARGET = 10.6;
				PRODUCT_NAME = AppPolice;
				SDKROOT = macosx;
				WRAPPER_EXTENSION = app;
			};
			name = Release;
		};
		A071B6A217D8812500D3866E /* Debug */ = {
			isa = XCBuildConfiguration;
			buildSettings = {
				BUNDLE_LOADER = "$(BUILT_PRODUCTS_DIR)/AppPolice.app/Contents/MacOS/AppPolice";
				CLANG_ENABLE_MODULES = YES;
				CLANG_ENABLE_OBJC_ARC = YES;
				CLANG_WARN_BOOL_CONVERSION = YES;
				CLANG_WARN_DIRECT_OBJC_ISA_USAGE = YES_ERROR;
				CLANG_WARN_OBJC_ROOT_CLASS = YES_ERROR;
				COMBINE_HIDPI_IMAGES = YES;
				FRAMEWORK_SEARCH_PATHS = (
					"$(DEVELOPER_FRAMEWORKS_DIR)",
					"$(inherited)",
				);
				GCC_PRECOMPILE_PREFIX_HEADER = YES;
				GCC_PREFIX_HEADER = "AppPolice Tests/AppPolice Tests-Prefix.pch";
				GCC_PREPROCESSOR_DEFINITIONS = (
					"DEBUG=1",
					"$(inherited)",
				);
				GCC_WARN_ABOUT_RETURN_TYPE = YES_ERROR;
				GCC_WARN_UNDECLARED_SELECTOR = YES;
				GCC_WARN_UNUSED_FUNCTION = YES;
				INFOPLIST_FILE = "AppPolice Tests/AppPolice Tests-Info.plist";
				MACOSX_DEPLOYMENT_TARGET = 10.7;
				PRODUCT_NAME = "AppPolice Tests";
				TEST_HOST = "$(BUNDLE_LOADER)";
				WRAPPER_EXTENSION = xctest;
			};
			name = Debug;
		};
		A071B6A317D8812500D3866E /* Release */ = {
			isa = XCBuildConfiguration;
			buildSettings = {
				BUNDLE_LOADER = "$(BUILT_PRODUCTS_DIR)/AppPolice.app/Contents/MacOS/AppPolice";
				CLANG_ENABLE_MODULES = YES;
				CLANG_ENABLE_OBJC_ARC = YES;
				CLANG_WARN_BOOL_CONVERSION = YES;
				CLANG_WARN_DIRECT_OBJC_ISA_USAGE = YES_ERROR;
				CLANG_WARN_OBJC_ROOT_CLASS = YES_ERROR;
				COMBINE_HIDPI_IMAGES = YES;
				ENABLE_NS_ASSERTIONS = NO;
				FRAMEWORK_SEARCH_PATHS = (
					"$(DEVELOPER_FRAMEWORKS_DIR)",
					"$(inherited)",
				);
				GCC_PRECOMPILE_PREFIX_HEADER = YES;
				GCC_PREFIX_HEADER = "AppPolice Tests/AppPolice Tests-Prefix.pch";
				GCC_WARN_ABOUT_RETURN_TYPE = YES_ERROR;
				GCC_WARN_UNDECLARED_SELECTOR = YES;
				GCC_WARN_UNUSED_FUNCTION = YES;
				INFOPLIST_FILE = "AppPolice Tests/AppPolice Tests-Info.plist";
				MACOSX_DEPLOYMENT_TARGET = 10.7;
				PRODUCT_NAME = "AppPolice Tests";
				TEST_HOST = "$(BUNDLE_LOADER)";
				WRAPPER_EXTENSION = xctest;
			};
			name = Release;
		};
/* End XCBuildConfiguration section */

/* Begin XCConfigurationList section */
		A063795F17492AEF006F2347 /* Build configuration list for PBXProject "AppPolice" */ = {
			isa = XCConfigurationList;
			buildConfigurations = (
				A063797F17492AF0006F2347 /* Debug */,
				A063798017492AF0006F2347 /* Release */,
			);
			defaultConfigurationIsVisible = 0;
			defaultConfigurationName = Release;
		};
		A063798117492AF0006F2347 /* Build configuration list for PBXNativeTarget "AppPolice" */ = {
			isa = XCConfigurationList;
			buildConfigurations = (
				A063798217492AF0006F2347 /* Debug */,
				A063798317492AF0006F2347 /* Release */,
			);
			defaultConfigurationIsVisible = 0;
			defaultConfigurationName = Release;
		};
		A071B6A117D8812500D3866E /* Build configuration list for PBXNativeTarget "AppPolice Tests" */ = {
			isa = XCConfigurationList;
			buildConfigurations = (
				A071B6A217D8812500D3866E /* Debug */,
				A071B6A317D8812500D3866E /* Release */,
			);
			defaultConfigurationIsVisible = 0;
			defaultConfigurationName = Release;
		};
/* End XCConfigurationList section */
	};
	rootObject = A063795C17492AEF006F2347 /* Project object */;
}
